// !$*UTF8*$!
{
	archiveVersion = 1;
	classes = {
	};
	objectVersion = 50;
	objects = {

/* Begin PBXBuildFile section */
		0029D825267AE11A004B9CD7 /* AppDelegate.swift in Sources */ = {isa = PBXBuildFile; fileRef = 0029D824267AE11A004B9CD7 /* AppDelegate.swift */; };
		0029D827267AE11A004B9CD7 /* SceneDelegate.swift in Sources */ = {isa = PBXBuildFile; fileRef = 0029D826267AE11A004B9CD7 /* SceneDelegate.swift */; };
		0029D829267AE11A004B9CD7 /* ViewController.swift in Sources */ = {isa = PBXBuildFile; fileRef = 0029D828267AE11A004B9CD7 /* ViewController.swift */; };
		0029D82C267AE11A004B9CD7 /* Main.storyboard in Resources */ = {isa = PBXBuildFile; fileRef = 0029D82A267AE11A004B9CD7 /* Main.storyboard */; };
		0029D82E267AE11C004B9CD7 /* Assets.xcassets in Resources */ = {isa = PBXBuildFile; fileRef = 0029D82D267AE11C004B9CD7 /* Assets.xcassets */; };
		0029D831267AE11C004B9CD7 /* LaunchScreen.storyboard in Resources */ = {isa = PBXBuildFile; fileRef = 0029D82F267AE11C004B9CD7 /* LaunchScreen.storyboard */; };
		0029D839267AE12E004B9CD7 /* ZYQuadRangleClipView.swift in Sources */ = {isa = PBXBuildFile; fileRef = 0029D838267AE12E004B9CD7 /* ZYQuadRangleClipView.swift */; };
		0029D83B267AFE3F004B9CD7 /* ZYClipMathTool.swift in Sources */ = {isa = PBXBuildFile; fileRef = 0029D83A267AFE3F004B9CD7 /* ZYClipMathTool.swift */; };
		0029D83D267B1B78004B9CD7 /* ZYClipImageTool.swift in Sources */ = {isa = PBXBuildFile; fileRef = 0029D83C267B1B78004B9CD7 /* ZYClipImageTool.swift */; };
		0029D841267B22C2004B9CD7 /* xxxas.jpg in Resources */ = {isa = PBXBuildFile; fileRef = 0029D840267B22C2004B9CD7 /* xxxas.jpg */; };
		1AD58939268582A9001EF177 /* ZYClipPointView.swift in Sources */ = {isa = PBXBuildFile; fileRef = 1AD58938268582A9001EF177 /* ZYClipPointView.swift */; };
		3517646C2807C2E40095BA3D /* ZYMaginifierglass.swift in Sources */ = {isa = PBXBuildFile; fileRef = 3517646B2807C2E40095BA3D /* ZYMaginifierglass.swift */; };
/* End PBXBuildFile section */

/* Begin PBXFileReference section */
		0029D821267AE11A004B9CD7 /* Cliptest.app */ = {isa = PBXFileReference; explicitFileType = wrapper.application; includeInIndex = 0; path = Cliptest.app; sourceTree = BUILT_PRODUCTS_DIR; };
		0029D824267AE11A004B9CD7 /* AppDelegate.swift */ = {isa = PBXFileReference; lastKnownFileType = sourcecode.swift; path = AppDelegate.swift; sourceTree = "<group>"; };
		0029D826267AE11A004B9CD7 /* SceneDelegate.swift */ = {isa = PBXFileReference; lastKnownFileType = sourcecode.swift; path = SceneDelegate.swift; sourceTree = "<group>"; };
		0029D828267AE11A004B9CD7 /* ViewController.swift */ = {isa = PBXFileReference; lastKnownFileType = sourcecode.swift; path = ViewController.swift; sourceTree = "<group>"; };
		0029D82B267AE11A004B9CD7 /* Base */ = {isa = PBXFileReference; lastKnownFileType = file.storyboard; name = Base; path = Base.lproj/Main.storyboard; sourceTree = "<group>"; };
		0029D82D267AE11C004B9CD7 /* Assets.xcassets */ = {isa = PBXFileReference; lastKnownFileType = folder.assetcatalog; path = Assets.xcassets; sourceTree = "<group>"; };
		0029D830267AE11C004B9CD7 /* Base */ = {isa = PBXFileReference; lastKnownFileType = file.storyboard; name = Base; path = Base.lproj/LaunchScreen.storyboard; sourceTree = "<group>"; };
		0029D832267AE11C004B9CD7 /* Info.plist */ = {isa = PBXFileReference; lastKnownFileType = text.plist.xml; path = Info.plist; sourceTree = "<group>"; };
		0029D838267AE12E004B9CD7 /* ZYQuadRangleClipView.swift */ = {isa = PBXFileReference; lastKnownFileType = sourcecode.swift; path = ZYQuadRangleClipView.swift; sourceTree = "<group>"; };
		0029D83A267AFE3F004B9CD7 /* ZYClipMathTool.swift */ = {isa = PBXFileReference; lastKnownFileType = sourcecode.swift; path = ZYClipMathTool.swift; sourceTree = "<group>"; };
		0029D83C267B1B78004B9CD7 /* ZYClipImageTool.swift */ = {isa = PBXFileReference; lastKnownFileType = sourcecode.swift; path = ZYClipImageTool.swift; sourceTree = "<group>"; };
		0029D840267B22C2004B9CD7 /* xxxas.jpg */ = {isa = PBXFileReference; lastKnownFileType = image.jpeg; path = xxxas.jpg; sourceTree = "<group>"; };
		1AD58938268582A9001EF177 /* ZYClipPointView.swift */ = {isa = PBXFileReference; lastKnownFileType = sourcecode.swift; path = ZYClipPointView.swift; sourceTree = "<group>"; };
		3517646B2807C2E40095BA3D /* ZYMaginifierglass.swift */ = {isa = PBXFileReference; lastKnownFileType = sourcecode.swift; path = ZYMaginifierglass.swift; sourceTree = "<group>"; };
/* End PBXFileReference section */

/* Begin PBXFrameworksBuildPhase section */
		0029D81E267AE11A004B9CD7 /* Frameworks */ = {
			isa = PBXFrameworksBuildPhase;
			buildActionMask = 2147483647;
			files = (
			);
			runOnlyForDeploymentPostprocessing = 0;
		};
/* End PBXFrameworksBuildPhase section */

/* Begin PBXGroup section */
		0029D818267AE11A004B9CD7 = {
			isa = PBXGroup;
			children = (
				0029D823267AE11A004B9CD7 /* Cliptest */,
				0029D822267AE11A004B9CD7 /* Products */,
			);
			sourceTree = "<group>";
		};
		0029D822267AE11A004B9CD7 /* Products */ = {
			isa = PBXGroup;
			children = (
				0029D821267AE11A004B9CD7 /* Cliptest.app */,
			);
			name = Products;
			sourceTree = "<group>";
		};
		0029D823267AE11A004B9CD7 /* Cliptest */ = {
			isa = PBXGroup;
			children = (
				1AD5893726857BD0001EF177 /* ZYQuadRangleClip */,
				0029D840267B22C2004B9CD7 /* xxxas.jpg */,
				0029D824267AE11A004B9CD7 /* AppDelegate.swift */,
				0029D826267AE11A004B9CD7 /* SceneDelegate.swift */,
				0029D828267AE11A004B9CD7 /* ViewController.swift */,
				0029D82A267AE11A004B9CD7 /* Main.storyboard */,
				0029D82D267AE11C004B9CD7 /* Assets.xcassets */,
				0029D82F267AE11C004B9CD7 /* LaunchScreen.storyboard */,
				0029D832267AE11C004B9CD7 /* Info.plist */,
			);
			path = Cliptest;
			sourceTree = "<group>";
		};
		1AD5893726857BD0001EF177 /* ZYQuadRangleClip */ = {
			isa = PBXGroup;
			children = (
				0029D838267AE12E004B9CD7 /* ZYQuadRangleClipView.swift */,
				1AD58938268582A9001EF177 /* ZYClipPointView.swift */,
				0029D83C267B1B78004B9CD7 /* ZYClipImageTool.swift */,
				0029D83A267AFE3F004B9CD7 /* ZYClipMathTool.swift */,
				3517646B2807C2E40095BA3D /* ZYMaginifierglass.swift */,
			);
			path = ZYQuadRangleClip;
			sourceTree = "<group>";
		};
/* End PBXGroup section */

/* Begin PBXNativeTarget section */
		0029D820267AE11A004B9CD7 /* Cliptest */ = {
			isa = PBXNativeTarget;
			buildConfigurationList = 0029D835267AE11C004B9CD7 /* Build configuration list for PBXNativeTarget "Cliptest" */;
			buildPhases = (
				0029D81D267AE11A004B9CD7 /* Sources */,
				0029D81E267AE11A004B9CD7 /* Frameworks */,
				0029D81F267AE11A004B9CD7 /* Resources */,
			);
			buildRules = (
			);
			dependencies = (
			);
			name = Cliptest;
			productName = Cliptest;
			productReference = 0029D821267AE11A004B9CD7 /* Cliptest.app */;
			productType = "com.apple.product-type.application";
		};
/* End PBXNativeTarget section */

/* Begin PBXProject section */
		0029D819267AE11A004B9CD7 /* Project object */ = {
			isa = PBXProject;
			attributes = {
				LastSwiftUpdateCheck = 1250;
				LastUpgradeCheck = 1250;
				TargetAttributes = {
					0029D820267AE11A004B9CD7 = {
						CreatedOnToolsVersion = 12.5;
					};
				};
			};
			buildConfigurationList = 0029D81C267AE11A004B9CD7 /* Build configuration list for PBXProject "Cliptest" */;
			compatibilityVersion = "Xcode 9.3";
			developmentRegion = en;
			hasScannedForEncodings = 0;
			knownRegions = (
				en,
				Base,
			);
			mainGroup = 0029D818267AE11A004B9CD7;
			productRefGroup = 0029D822267AE11A004B9CD7 /* Products */;
			projectDirPath = "";
			projectRoot = "";
			targets = (
				0029D820267AE11A004B9CD7 /* Cliptest */,
			);
		};
/* End PBXProject section */

/* Begin PBXResourcesBuildPhase section */
		0029D81F267AE11A004B9CD7 /* Resources */ = {
			isa = PBXResourcesBuildPhase;
			buildActionMask = 2147483647;
			files = (
				0029D841267B22C2004B9CD7 /* xxxas.jpg in Resources */,
				0029D831267AE11C004B9CD7 /* LaunchScreen.storyboard in Resources */,
				0029D82E267AE11C004B9CD7 /* Assets.xcassets in Resources */,
				0029D82C267AE11A004B9CD7 /* Main.storyboard in Resources */,
			);
			runOnlyForDeploymentPostprocessing = 0;
		};
/* End PBXResourcesBuildPhase section */

/* Begin PBXSourcesBuildPhase section */
		0029D81D267AE11A004B9CD7 /* Sources */ = {
			isa = PBXSourcesBuildPhase;
			buildActionMask = 2147483647;
			files = (
				0029D839267AE12E004B9CD7 /* ZYQuadRangleClipView.swift in Sources */,
				0029D83B267AFE3F004B9CD7 /* ZYClipMathTool.swift in Sources */,
				3517646C2807C2E40095BA3D /* ZYMaginifierglass.swift in Sources */,
				0029D83D267B1B78004B9CD7 /* ZYClipImageTool.swift in Sources */,
				0029D829267AE11A004B9CD7 /* ViewController.swift in Sources */,
				0029D825267AE11A004B9CD7 /* AppDelegate.swift in Sources */,
				0029D827267AE11A004B9CD7 /* SceneDelegate.swift in Sources */,
				1AD58939268582A9001EF177 /* ZYClipPointView.swift in Sources */,
			);
			runOnlyForDeploymentPostprocessing = 0;
		};
/* End PBXSourcesBuildPhase section */

/* Begin PBXVariantGroup section */
		0029D82A267AE11A004B9CD7 /* Main.storyboard */ = {
			isa = PBXVariantGroup;
			children = (
				0029D82B267AE11A004B9CD7 /* Base */,
			);
			name = Main.storyboard;
			sourceTree = "<group>";
		};
		0029D82F267AE11C004B9CD7 /* LaunchScreen.storyboard */ = {
			isa = PBXVariantGroup;
			children = (
				0029D830267AE11C004B9CD7 /* Base */,
			);
			name = LaunchScreen.storyboard;
			sourceTree = "<group>";
		};
/* End PBXVariantGroup section */

/* Begin XCBuildConfiguration section */
		0029D833267AE11C004B9CD7 /* Debug */ = {
			isa = XCBuildConfiguration;
			buildSettings = {
				ALWAYS_SEARCH_USER_PATHS = NO;
				CLANG_ANALYZER_NONNULL = YES;
				CLANG_ANALYZER_NUMBER_OBJECT_CONVERSION = YES_AGGRESSIVE;
				CLANG_CXX_LANGUAGE_STANDARD = "gnu++14";
				CLANG_CXX_LIBRARY = "libc++";
				CLANG_ENABLE_MODULES = YES;
				CLANG_ENABLE_OBJC_ARC = YES;
				CLANG_ENABLE_OBJC_WEAK = YES;
				CLANG_WARN_BLOCK_CAPTURE_AUTORELEASING = YES;
				CLANG_WARN_BOOL_CONVERSION = YES;
				CLANG_WARN_COMMA = YES;
				CLANG_WARN_CONSTANT_CONVERSION = YES;
				CLANG_WARN_DEPRECATED_OBJC_IMPLEMENTATIONS = YES;
				CLANG_WARN_DIRECT_OBJC_ISA_USAGE = YES_ERROR;
				CLANG_WARN_DOCUMENTATION_COMMENTS = YES;
				CLANG_WARN_EMPTY_BODY = YES;
				CLANG_WARN_ENUM_CONVERSION = YES;
				CLANG_WARN_INFINITE_RECURSION = YES;
				CLANG_WARN_INT_CONVERSION = YES;
				CLANG_WARN_NON_LITERAL_NULL_CONVERSION = YES;
				CLANG_WARN_OBJC_IMPLICIT_RETAIN_SELF = YES;
				CLANG_WARN_OBJC_LITERAL_CONVERSION = YES;
				CLANG_WARN_OBJC_ROOT_CLASS = YES_ERROR;
				CLANG_WARN_QUOTED_INCLUDE_IN_FRAMEWORK_HEADER = YES;
				CLANG_WARN_RANGE_LOOP_ANALYSIS = YES;
				CLANG_WARN_STRICT_PROTOTYPES = YES;
				CLANG_WARN_SUSPICIOUS_MOVE = YES;
				CLANG_WARN_UNGUARDED_AVAILABILITY = YES_AGGRESSIVE;
				CLANG_WARN_UNREACHABLE_CODE = YES;
				CLANG_WARN__DUPLICATE_METHOD_MATCH = YES;
				COPY_PHASE_STRIP = NO;
				DEBUG_INFORMATION_FORMAT = dwarf;
				ENABLE_STRICT_OBJC_MSGSEND = YES;
				ENABLE_TESTABILITY = YES;
				GCC_C_LANGUAGE_STANDARD = gnu11;
				GCC_DYNAMIC_NO_PIC = NO;
				GCC_NO_COMMON_BLOCKS = YES;
				GCC_OPTIMIZATION_LEVEL = 0;
				GCC_PREPROCESSOR_DEFINITIONS = (
					"DEBUG=1",
					"$(inherited)",
				);
				GCC_WARN_64_TO_32_BIT_CONVERSION = YES;
				GCC_WARN_ABOUT_RETURN_TYPE = YES_ERROR;
				GCC_WARN_UNDECLARED_SELECTOR = YES;
				GCC_WARN_UNINITIALIZED_AUTOS = YES_AGGRESSIVE;
				GCC_WARN_UNUSED_FUNCTION = YES;
				GCC_WARN_UNUSED_VARIABLE = YES;
				IPHONEOS_DEPLOYMENT_TARGET = 14.5;
				MTL_ENABLE_DEBUG_INFO = INCLUDE_SOURCE;
				MTL_FAST_MATH = YES;
				ONLY_ACTIVE_ARCH = YES;
				SDKROOT = iphoneos;
				SWIFT_ACTIVE_COMPILATION_CONDITIONS = DEBUG;
				SWIFT_OPTIMIZATION_LEVEL = "-Onone";
			};
			name = Debug;
		};
		0029D834267AE11C004B9CD7 /* Release */ = {
			isa = XCBuildConfiguration;
			buildSettings = {
				ALWAYS_SEARCH_USER_PATHS = NO;
				CLANG_ANALYZER_NONNULL = YES;
				CLANG_ANALYZER_NUMBER_OBJECT_CONVERSION = YES_AGGRESSIVE;
				CLANG_CXX_LANGUAGE_STANDARD = "gnu++14";
				CLANG_CXX_LIBRARY = "libc++";
				CLANG_ENABLE_MODULES = YES;
				CLANG_ENABLE_OBJC_ARC = YES;
				CLANG_ENABLE_OBJC_WEAK = YES;
				CLANG_WARN_BLOCK_CAPTURE_AUTORELEASING = YES;
				CLANG_WARN_BOOL_CONVERSION = YES;
				CLANG_WARN_COMMA = YES;
				CLANG_WARN_CONSTANT_CONVERSION = YES;
				CLANG_WARN_DEPRECATED_OBJC_IMPLEMENTATIONS = YES;
				CLANG_WARN_DIRECT_OBJC_ISA_USAGE = YES_ERROR;
				CLANG_WARN_DOCUMENTATION_COMMENTS = YES;
				CLANG_WARN_EMPTY_BODY = YES;
				CLANG_WARN_ENUM_CONVERSION = YES;
				CLANG_WARN_INFINITE_RECURSION = YES;
				CLANG_WARN_INT_CONVERSION = YES;
				CLANG_WARN_NON_LITERAL_NULL_CONVERSION = YES;
				CLANG_WARN_OBJC_IMPLICIT_RETAIN_SELF = YES;
				CLANG_WARN_OBJC_LITERAL_CONVERSION = YES;
				CLANG_WARN_OBJC_ROOT_CLASS = YES_ERROR;
				CLANG_WARN_QUOTED_INCLUDE_IN_FRAMEWORK_HEADER = YES;
				CLANG_WARN_RANGE_LOOP_ANALYSIS = YES;
				CLANG_WARN_STRICT_PROTOTYPES = YES;
				CLANG_WARN_SUSPICIOUS_MOVE = YES;
				CLANG_WARN_UNGUARDED_AVAILABILITY = YES_AGGRESSIVE;
				CLANG_WARN_UNREACHABLE_CODE = YES;
				CLANG_WARN__DUPLICATE_METHOD_MATCH = YES;
				COPY_PHASE_STRIP = NO;
				DEBUG_INFORMATION_FORMAT = "dwarf-with-dsym";
				ENABLE_NS_ASSERTIONS = NO;
				ENABLE_STRICT_OBJC_MSGSEND = YES;
				GCC_C_LANGUAGE_STANDARD = gnu11;
				GCC_NO_COMMON_BLOCKS = YES;
				GCC_WARN_64_TO_32_BIT_CONVERSION = YES;
				GCC_WARN_ABOUT_RETURN_TYPE = YES_ERROR;
				GCC_WARN_UNDECLARED_SELECTOR = YES;
				GCC_WARN_UNINITIALIZED_AUTOS = YES_AGGRESSIVE;
				GCC_WARN_UNUSED_FUNCTION = YES;
				GCC_WARN_UNUSED_VARIABLE = YES;
				IPHONEOS_DEPLOYMENT_TARGET = 14.5;
				MTL_ENABLE_DEBUG_INFO = NO;
				MTL_FAST_MATH = YES;
				SDKROOT = iphoneos;
				SWIFT_COMPILATION_MODE = wholemodule;
				SWIFT_OPTIMIZATION_LEVEL = "-O";
				VALIDATE_PRODUCT = YES;
			};
			name = Release;
		};
		0029D836267AE11C004B9CD7 /* Debug */ = {
			isa = XCBuildConfiguration;
			buildSettings = {
				ASSETCATALOG_COMPILER_APPICON_NAME = AppIcon;
				ASSETCATALOG_COMPILER_GLOBAL_ACCENT_COLOR_NAME = AccentColor;
				CODE_SIGN_STYLE = Automatic;
				DEVELOPMENT_TEAM = GJ4WQU9362;
				INFOPLIST_FILE = Cliptest/Info.plist;
				IPHONEOS_DEPLOYMENT_TARGET = 13.2;
				LD_RUNPATH_SEARCH_PATHS = (
					"$(inherited)",
					"@executable_path/Frameworks",
				);
				PRODUCT_BUNDLE_IDENTIFIER = com.xxxxfe.clip.Cliptest;
				PRODUCT_NAME = "$(TARGET_NAME)";
				SWIFT_VERSION = 5.0;
				TARGETED_DEVICE_FAMILY = "1,2";
			};
			name = Debug;
		};
		0029D837267AE11C004B9CD7 /* Release */ = {
			isa = XCBuildConfiguration;
			buildSettings = {
				ASSETCATALOG_COMPILER_APPICON_NAME = AppIcon;
				ASSETCATALOG_COMPILER_GLOBAL_ACCENT_COLOR_NAME = AccentColor;
				CODE_SIGN_STYLE = Automatic;
				DEVELOPMENT_TEAM = GJ4WQU9362;
				INFOPLIST_FILE = Cliptest/Info.plist;
				IPHONEOS_DEPLOYMENT_TARGET = 13.2;
				LD_RUNPATH_SEARCH_PATHS = (
					"$(inherited)",
					"@executable_path/Frameworks",
				);
				PRODUCT_BUNDLE_IDENTIFIER = com.xxxxfe.clip.Cliptest;
				PRODUCT_NAME = "$(TARGET_NAME)";
				SWIFT_VERSION = 5.0;
				TARGETED_DEVICE_FAMILY = "1,2";
			};
			name = Release;
		};
/* End XCBuildConfiguration section */

/* Begin XCConfigurationList section */
		0029D81C267AE11A004B9CD7 /* Build configuration list for PBXProject "Cliptest" */ = {
			isa = XCConfigurationList;
			buildConfigurations = (
				0029D833267AE11C004B9CD7 /* Debug */,
				0029D834267AE11C004B9CD7 /* Release */,
			);
			defaultConfigurationIsVisible = 0;
			defaultConfigurationName = Release;
		};
		0029D835267AE11C004B9CD7 /* Build configuration list for PBXNativeTarget "Cliptest" */ = {
			isa = XCConfigurationList;
			buildConfigurations = (
				0029D836267AE11C004B9CD7 /* Debug */,
				0029D837267AE11C004B9CD7 /* Release */,
			);
			defaultConfigurationIsVisible = 0;
			defaultConfigurationName = Release;
		};
/* End XCConfigurationList section */
	};
	rootObject = 0029D819267AE11A004B9CD7 /* Project object */;
}
