// !$*UTF8*$!
{
	archiveVersion = 1;
	classes = {
	};
	objectVersion = 50;
	objects = {

/* Begin PBXBuildFile section */
		0029D825267AE11A004B9CD7 /* AppDelegate.swift in Sources */ = {isa = PBXBuildFile; fileRef = 0029D824267AE11A004B9CD7 /* AppDelegate.swift */; };
		0029D827267AE11A004B9CD7 /* SceneDelegate.swift in Sources */ = {isa = PBXBuildFile; fileRef = 0029D826267AE11A004B9CD7 /* SceneDelegate.swift */; };
		0029D829267AE11A004B9CD7 /* ViewController.swift in Sources */ = {isa = PBXBuildFile; fileRef = 0029D828267AE11A004B9CD7 /* ViewController.swift */; };
		0029D82C267AE11A004B9CD7 /* Main.storyboard in Resources */ = {isa = PBXBuildFile; fileRef = 0029D82A267AE11A004B9CD7 /* Main.storyboard */; };
		0029D82E267AE11C004B9CD7 /* Assets.xcassets in Resources */ = {isa = PBXBuildFile; fileRef = 0029D82D267AE11C004B9CD7 /* Assets.xcassets */; };
		0029D831267AE11C004B9CD7 /* LaunchScreen.storyboard in Resources */ = {isa = PBXBuildFile; fileRef = 0029D82F267AE11C004B9CD7 /* LaunchScreen.storyboard */; };
		0029D839267AE12E004B9CD7 /* ZYQuadRangleClipView.swift in Sources */ = {isa = PBXBuildFile; fileRef = 0029D838267AE12E004B9CD7 /* ZYQuadRangleClipView.swift */; };
		0029D83B267AFE3F004B9CD7 /* ZYClipMathTool.swift in Sources */ = {isa = PBXBuildFile; fileRef = 0029D83A267AFE3F004B9CD7 /* ZYClipMathTool.swift */; };
		0029D83D267B1B78004B9CD7 /* ZYClipImageTool.swift in Sources */ = {isa = PBXBuildFile; fileRef = 0029D83C267B1B78004B9CD7 /* ZYClipImageTool.swift */; };
		1AD58939268582A9001EF177 /* ZYClipPointView.swift in Sources */ = {isa = PBXBuildFile; fileRef = 1AD58938268582A9001EF177 /* ZYClipPointView.swift */; };
		3517646C2807C2E40095BA3D /* ZYMaginifierglass.swift in Sources */ = {isa = PBXBuildFile; fileRef = 3517646B2807C2E40095BA3D /* ZYMaginifierglass.swift */; };
		35B7F29A289D211A002942E4 /* ZYQuadrangleClipImageView.docc in Sources */ = {isa = PBXBuildFile; fileRef = 35B7F299289D211A002942E4 /* ZYQuadrangleClipImageView.docc */; };
		35B7F2A0289D211A002942E4 /* ZYQuadrangleClipImageView.framework in Frameworks */ = {isa = PBXBuildFile; fileRef = 35B7F296289D211A002942E4 /* ZYQuadrangleClipImageView.framework */; };
		35B7F2A7289D211A002942E4 /* ZYQuadrangleClipImageViewTests.swift in Sources */ = {isa = PBXBuildFile; fileRef = 35B7F2A6289D211A002942E4 /* ZYQuadrangleClipImageViewTests.swift */; };
		35B7F2A8289D211A002942E4 /* ZYQuadrangleClipImageView.h in Headers */ = {isa = PBXBuildFile; fileRef = 35B7F298289D211A002942E4 /* ZYQuadrangleClipImageView.h */; settings = {ATTRIBUTES = (Public, ); }; };
		35B7F2AB289D211A002942E4 /* ZYQuadrangleClipImageView.framework in Frameworks */ = {isa = PBXBuildFile; fileRef = 35B7F296289D211A002942E4 /* ZYQuadrangleClipImageView.framework */; };
		35B7F2AC289D211A002942E4 /* ZYQuadrangleClipImageView.framework in Embed Frameworks */ = {isa = PBXBuildFile; fileRef = 35B7F296289D211A002942E4 /* ZYQuadrangleClipImageView.framework */; settings = {ATTRIBUTES = (CodeSignOnCopy, RemoveHeadersOnCopy, ); }; };
/* End PBXBuildFile section */

/* Begin PBXContainerItemProxy section */
		35B7F2A1289D211A002942E4 /* PBXContainerItemProxy */ = {
			isa = PBXContainerItemProxy;
			containerPortal = 0029D819267AE11A004B9CD7 /* Project object */;
			proxyType = 1;
			remoteGlobalIDString = 35B7F295289D211A002942E4;
			remoteInfo = ZYQuadrangleClipImageView;
		};
		35B7F2A3289D211A002942E4 /* PBXContainerItemProxy */ = {
			isa = PBXContainerItemProxy;
			containerPortal = 0029D819267AE11A004B9CD7 /* Project object */;
			proxyType = 1;
			remoteGlobalIDString = 0029D820267AE11A004B9CD7;
			remoteInfo = Cliptest;
		};
		35B7F2A9289D211A002942E4 /* PBXContainerItemProxy */ = {
			isa = PBXContainerItemProxy;
			containerPortal = 0029D819267AE11A004B9CD7 /* Project object */;
			proxyType = 1;
			remoteGlobalIDString = 35B7F295289D211A002942E4;
			remoteInfo = ZYQuadrangleClipImageView;
		};
/* End PBXContainerItemProxy section */

/* Begin PBXCopyFilesBuildPhase section */
		35B7F2B0289D211A002942E4 /* Embed Frameworks */ = {
			isa = PBXCopyFilesBuildPhase;
			buildActionMask = 2147483647;
			dstPath = "";
			dstSubfolderSpec = 10;
			files = (
				35B7F2AC289D211A002942E4 /* ZYQuadrangleClipImageView.framework in Embed Frameworks */,
			);
			name = "Embed Frameworks";
			runOnlyForDeploymentPostprocessing = 0;
		};
/* End PBXCopyFilesBuildPhase section */

/* Begin PBXFileReference section */
		0029D821267AE11A004B9CD7 /* Cliptest.app */ = {isa = PBXFileReference; explicitFileType = wrapper.application; includeInIndex = 0; path = Cliptest.app; sourceTree = BUILT_PRODUCTS_DIR; };
		0029D824267AE11A004B9CD7 /* AppDelegate.swift */ = {isa = PBXFileReference; lastKnownFileType = sourcecode.swift; path = AppDelegate.swift; sourceTree = "<group>"; };
		0029D826267AE11A004B9CD7 /* SceneDelegate.swift */ = {isa = PBXFileReference; lastKnownFileType = sourcecode.swift; path = SceneDelegate.swift; sourceTree = "<group>"; };
		0029D828267AE11A004B9CD7 /* ViewController.swift */ = {isa = PBXFileReference; lastKnownFileType = sourcecode.swift; path = ViewController.swift; sourceTree = "<group>"; };
		0029D82B267AE11A004B9CD7 /* Base */ = {isa = PBXFileReference; lastKnownFileType = file.storyboard; name = Base; path = Base.lproj/Main.storyboard; sourceTree = "<group>"; };
		0029D82D267AE11C004B9CD7 /* Assets.xcassets */ = {isa = PBXFileReference; lastKnownFileType = folder.assetcatalog; path = Assets.xcassets; sourceTree = "<group>"; };
		0029D830267AE11C004B9CD7 /* Base */ = {isa = PBXFileReference; lastKnownFileType = file.storyboard; name = Base; path = Base.lproj/LaunchScreen.storyboard; sourceTree = "<group>"; };
		0029D832267AE11C004B9CD7 /* Info.plist */ = {isa = PBXFileReference; lastKnownFileType = text.plist.xml; path = Info.plist; sourceTree = "<group>"; };
		0029D838267AE12E004B9CD7 /* ZYQuadRangleClipView.swift */ = {isa = PBXFileReference; lastKnownFileType = sourcecode.swift; path = ZYQuadRangleClipView.swift; sourceTree = "<group>"; };
		0029D83A267AFE3F004B9CD7 /* ZYClipMathTool.swift */ = {isa = PBXFileReference; lastKnownFileType = sourcecode.swift; path = ZYClipMathTool.swift; sourceTree = "<group>"; };
		0029D83C267B1B78004B9CD7 /* ZYClipImageTool.swift */ = {isa = PBXFileReference; lastKnownFileType = sourcecode.swift; path = ZYClipImageTool.swift; sourceTree = "<group>"; };
		1AD58938268582A9001EF177 /* ZYClipPointView.swift */ = {isa = PBXFileReference; lastKnownFileType = sourcecode.swift; path = ZYClipPointView.swift; sourceTree = "<group>"; };
		3517646B2807C2E40095BA3D /* ZYMaginifierglass.swift */ = {isa = PBXFileReference; lastKnownFileType = sourcecode.swift; path = ZYMaginifierglass.swift; sourceTree = "<group>"; };
		35B7F296289D211A002942E4 /* ZYQuadrangleClipImageView.framework */ = {isa = PBXFileReference; explicitFileType = wrapper.framework; includeInIndex = 0; path = ZYQuadrangleClipImageView.framework; sourceTree = BUILT_PRODUCTS_DIR; };
		35B7F298289D211A002942E4 /* ZYQuadrangleClipImageView.h */ = {isa = PBXFileReference; lastKnownFileType = sourcecode.c.h; path = ZYQuadrangleClipImageView.h; sourceTree = "<group>"; };
		35B7F299289D211A002942E4 /* ZYQuadrangleClipImageView.docc */ = {isa = PBXFileReference; lastKnownFileType = folder.documentationcatalog; path = ZYQuadrangleClipImageView.docc; sourceTree = "<group>"; };
		35B7F29F289D211A002942E4 /* ZYQuadrangleClipImageViewTests.xctest */ = {isa = PBXFileReference; explicitFileType = wrapper.cfbundle; includeInIndex = 0; path = ZYQuadrangleClipImageViewTests.xctest; sourceTree = BUILT_PRODUCTS_DIR; };
		35B7F2A6289D211A002942E4 /* ZYQuadrangleClipImageViewTests.swift */ = {isa = PBXFileReference; lastKnownFileType = sourcecode.swift; path = ZYQuadrangleClipImageViewTests.swift; sourceTree = "<group>"; };
/* End PBXFileReference section */

/* Begin PBXFrameworksBuildPhase section */
		0029D81E267AE11A004B9CD7 /* Frameworks */ = {
			isa = PBXFrameworksBuildPhase;
			buildActionMask = 2147483647;
			files = (
				35B7F2AB289D211A002942E4 /* ZYQuadrangleClipImageView.framework in Frameworks */,
			);
			runOnlyForDeploymentPostprocessing = 0;
		};
		35B7F293289D211A002942E4 /* Frameworks */ = {
			isa = PBXFrameworksBuildPhase;
			buildActionMask = 2147483647;
			files = (
			);
			runOnlyForDeploymentPostprocessing = 0;
		};
		35B7F29C289D211A002942E4 /* Frameworks */ = {
			isa = PBXFrameworksBuildPhase;
			buildActionMask = 2147483647;
			files = (
				35B7F2A0289D211A002942E4 /* ZYQuadrangleClipImageView.framework in Frameworks */,
			);
			runOnlyForDeploymentPostprocessing = 0;
		};
/* End PBXFrameworksBuildPhase section */

/* Begin PBXGroup section */
		0029D818267AE11A004B9CD7 = {
			isa = PBXGroup;
			children = (
				0029D823267AE11A004B9CD7 /* Cliptest */,
				35B7F297289D211A002942E4 /* ZYQuadrangleClipImageView */,
				35B7F2A5289D211A002942E4 /* ZYQuadrangleClipImageViewTests */,
				0029D822267AE11A004B9CD7 /* Products */,
			);
			sourceTree = "<group>";
		};
		0029D822267AE11A004B9CD7 /* Products */ = {
			isa = PBXGroup;
			children = (
				0029D821267AE11A004B9CD7 /* Cliptest.app */,
				35B7F296289D211A002942E4 /* ZYQuadrangleClipImageView.framework */,
				35B7F29F289D211A002942E4 /* ZYQuadrangleClipImageViewTests.xctest */,
			);
			name = Products;
			sourceTree = "<group>";
		};
		0029D823267AE11A004B9CD7 /* Cliptest */ = {
			isa = PBXGroup;
			children = (
				1AD5893726857BD0001EF177 /* ZYQuadRangleClip */,
				0029D824267AE11A004B9CD7 /* AppDelegate.swift */,
				0029D826267AE11A004B9CD7 /* SceneDelegate.swift */,
				0029D828267AE11A004B9CD7 /* ViewController.swift */,
				0029D82A267AE11A004B9CD7 /* Main.storyboard */,
				0029D82D267AE11C004B9CD7 /* Assets.xcassets */,
				0029D82F267AE11C004B9CD7 /* LaunchScreen.storyboard */,
				0029D832267AE11C004B9CD7 /* Info.plist */,
			);
			path = Cliptest;
			sourceTree = "<group>";
		};
		1AD5893726857BD0001EF177 /* ZYQuadRangleClip */ = {
			isa = PBXGroup;
			children = (
				0029D838267AE12E004B9CD7 /* ZYQuadRangleClipView.swift */,
				1AD58938268582A9001EF177 /* ZYClipPointView.swift */,
				0029D83C267B1B78004B9CD7 /* ZYClipImageTool.swift */,
				0029D83A267AFE3F004B9CD7 /* ZYClipMathTool.swift */,
				3517646B2807C2E40095BA3D /* ZYMaginifierglass.swift */,
			);
			path = ZYQuadRangleClip;
			sourceTree = "<group>";
		};
		35B7F297289D211A002942E4 /* ZYQuadrangleClipImageView */ = {
			isa = PBXGroup;
			children = (
				35B7F298289D211A002942E4 /* ZYQuadrangleClipImageView.h */,
				35B7F299289D211A002942E4 /* ZYQuadrangleClipImageView.docc */,
			);
			path = ZYQuadrangleClipImageView;
			sourceTree = "<group>";
		};
		35B7F2A5289D211A002942E4 /* ZYQuadrangleClipImageViewTests */ = {
			isa = PBXGroup;
			children = (
				35B7F2A6289D211A002942E4 /* ZYQuadrangleClipImageViewTests.swift */,
			);
			path = ZYQuadrangleClipImageViewTests;
			sourceTree = "<group>";
		};
/* End PBXGroup section */

/* Begin PBXHeadersBuildPhase section */
		35B7F291289D211A002942E4 /* Headers */ = {
			isa = PBXHeadersBuildPhase;
			buildActionMask = 2147483647;
			files = (
				35B7F2A8289D211A002942E4 /* ZYQuadrangleClipImageView.h in Headers */,
			);
			runOnlyForDeploymentPostprocessing = 0;
		};
/* End PBXHeadersBuildPhase section */

/* Begin PBXNativeTarget section */
		0029D820267AE11A004B9CD7 /* Cliptest */ = {
			isa = PBXNativeTarget;
			buildConfigurationList = 0029D835267AE11C004B9CD7 /* Build configuration list for PBXNativeTarget "Cliptest" */;
			buildPhases = (
				0029D81D267AE11A004B9CD7 /* Sources */,
				0029D81E267AE11A004B9CD7 /* Frameworks */,
				0029D81F267AE11A004B9CD7 /* Resources */,
				35B7F2B0289D211A002942E4 /* Embed Frameworks */,
			);
			buildRules = (
			);
			dependencies = (
				35B7F2AA289D211A002942E4 /* PBXTargetDependency */,
			);
			name = Cliptest;
			productName = Cliptest;
			productReference = 0029D821267AE11A004B9CD7 /* Cliptest.app */;
			productType = "com.apple.product-type.application";
		};
		35B7F295289D211A002942E4 /* ZYQuadrangleClipImageView */ = {
			isa = PBXNativeTarget;
			buildConfigurationList = 35B7F2AD289D211A002942E4 /* Build configuration list for PBXNativeTarget "ZYQuadrangleClipImageView" */;
			buildPhases = (
				35B7F291289D211A002942E4 /* Headers */,
				35B7F292289D211A002942E4 /* Sources */,
				35B7F293289D211A002942E4 /* Frameworks */,
				35B7F294289D211A002942E4 /* Resources */,
			);
			buildRules = (
			);
			dependencies = (
			);
			name = ZYQuadrangleClipImageView;
			productName = ZYQuadrangleClipImageView;
			productReference = 35B7F296289D211A002942E4 /* ZYQuadrangleClipImageView.framework */;
			productType = "com.apple.product-type.framework";
		};
		35B7F29E289D211A002942E4 /* ZYQuadrangleClipImageViewTests */ = {
			isa = PBXNativeTarget;
			buildConfigurationList = 35B7F2B1289D211A002942E4 /* Build configuration list for PBXNativeTarget "ZYQuadrangleClipImageViewTests" */;
			buildPhases = (
				35B7F29B289D211A002942E4 /* Sources */,
				35B7F29C289D211A002942E4 /* Frameworks */,
				35B7F29D289D211A002942E4 /* Resources */,
			);
			buildRules = (
			);
			dependencies = (
				35B7F2A2289D211A002942E4 /* PBXTargetDependency */,
				35B7F2A4289D211A002942E4 /* PBXTargetDependency */,
			);
			name = ZYQuadrangleClipImageViewTests;
			productName = ZYQuadrangleClipImageViewTests;
			productReference = 35B7F29F289D211A002942E4 /* ZYQuadrangleClipImageViewTests.xctest */;
			productType = "com.apple.product-type.bundle.unit-test";
		};
/* End PBXNativeTarget section */

/* Begin PBXProject section */
		0029D819267AE11A004B9CD7 /* Project object */ = {
			isa = PBXProject;
			attributes = {
				LastSwiftUpdateCheck = 1340;
				LastUpgradeCheck = 1250;
				TargetAttributes = {
					0029D820267AE11A004B9CD7 = {
						CreatedOnToolsVersion = 12.5;
					};
					35B7F295289D211A002942E4 = {
						CreatedOnToolsVersion = 13.4.1;
					};
					35B7F29E289D211A002942E4 = {
						CreatedOnToolsVersion = 13.4.1;
						TestTargetID = 0029D820267AE11A004B9CD7;
					};
				};
			};
			buildConfigurationList = 0029D81C267AE11A004B9CD7 /* Build configuration list for PBXProject "Cliptest" */;
			compatibilityVersion = "Xcode 9.3";
			developmentRegion = en;
			hasScannedForEncodings = 0;
			knownRegions = (
				en,
				Base,
			);
			mainGroup = 0029D818267AE11A004B9CD7;
			productRefGroup = 0029D822267AE11A004B9CD7 /* Products */;
			projectDirPath = "";
			projectRoot = "";
			targets = (
				0029D820267AE11A004B9CD7 /* Cliptest */,
				35B7F295289D211A002942E4 /* ZYQuadrangleClipImageView */,
				35B7F29E289D211A002942E4 /* ZYQuadrangleClipImageViewTests */,
			);
		};
/* End PBXProject section */

/* Begin PBXResourcesBuildPhase section */
		0029D81F267AE11A004B9CD7 /* Resources */ = {
			isa = PBXResourcesBuildPhase;
			buildActionMask = 2147483647;
			files = (
				0029D831267AE11C004B9CD7 /* LaunchScreen.storyboard in Resources */,
				0029D82E267AE11C004B9CD7 /* Assets.xcassets in Resources */,
				0029D82C267AE11A004B9CD7 /* Main.storyboard in Resources */,
			);
			runOnlyForDeploymentPostprocessing = 0;
		};
		35B7F294289D211A002942E4 /* Resources */ = {
			isa = PBXResourcesBuildPhase;
			buildActionMask = 2147483647;
			files = (
			);
			runOnlyForDeploymentPostprocessing = 0;
		};
		35B7F29D289D211A002942E4 /* Resources */ = {
			isa = PBXResourcesBuildPhase;
			buildActionMask = 2147483647;
			files = (
			);
			runOnlyForDeploymentPostprocessing = 0;
		};
/* End PBXResourcesBuildPhase section */

/* Begin PBXSourcesBuildPhase section */
		0029D81D267AE11A004B9CD7 /* Sources */ = {
			isa = PBXSourcesBuildPhase;
			buildActionMask = 2147483647;
			files = (
				0029D839267AE12E004B9CD7 /* ZYQuadRangleClipView.swift in Sources */,
				0029D83B267AFE3F004B9CD7 /* ZYClipMathTool.swift in Sources */,
				3517646C2807C2E40095BA3D /* ZYMaginifierglass.swift in Sources */,
				0029D83D267B1B78004B9CD7 /* ZYClipImageTool.swift in Sources */,
				0029D829267AE11A004B9CD7 /* ViewController.swift in Sources */,
				0029D825267AE11A004B9CD7 /* AppDelegate.swift in Sources */,
				0029D827267AE11A004B9CD7 /* SceneDelegate.swift in Sources */,
				1AD58939268582A9001EF177 /* ZYClipPointView.swift in Sources */,
			);
			runOnlyForDeploymentPostprocessing = 0;
		};
		35B7F292289D211A002942E4 /* Sources */ = {
			isa = PBXSourcesBuildPhase;
			buildActionMask = 2147483647;
			files = (
				35B7F29A289D211A002942E4 /* ZYQuadrangleClipImageView.docc in Sources */,
			);
			runOnlyForDeploymentPostprocessing = 0;
		};
		35B7F29B289D211A002942E4 /* Sources */ = {
			isa = PBXSourcesBuildPhase;
			buildActionMask = 2147483647;
			files = (
				35B7F2A7289D211A002942E4 /* ZYQuadrangleClipImageViewTests.swift in Sources */,
			);
			runOnlyForDeploymentPostprocessing = 0;
		};
/* End PBXSourcesBuildPhase section */

/* Begin PBXTargetDependency section */
		35B7F2A2289D211A002942E4 /* PBXTargetDependency */ = {
			isa = PBXTargetDependency;
			target = 35B7F295289D211A002942E4 /* ZYQuadrangleClipImageView */;
			targetProxy = 35B7F2A1289D211A002942E4 /* PBXContainerItemProxy */;
		};
		35B7F2A4289D211A002942E4 /* PBXTargetDependency */ = {
			isa = PBXTargetDependency;
			target = 0029D820267AE11A004B9CD7 /* Cliptest */;
			targetProxy = 35B7F2A3289D211A002942E4 /* PBXContainerItemProxy */;
		};
		35B7F2AA289D211A002942E4 /* PBXTargetDependency */ = {
			isa = PBXTargetDependency;
			target = 35B7F295289D211A002942E4 /* ZYQuadrangleClipImageView */;
			targetProxy = 35B7F2A9289D211A002942E4 /* PBXContainerItemProxy */;
		};
/* End PBXTargetDependency section */

/* Begin PBXVariantGroup section */
		0029D82A267AE11A004B9CD7 /* Main.storyboard */ = {
			isa = PBXVariantGroup;
			children = (
				0029D82B267AE11A004B9CD7 /* Base */,
			);
			name = Main.storyboard;
			sourceTree = "<group>";
		};
		0029D82F267AE11C004B9CD7 /* LaunchScreen.storyboard */ = {
			isa = PBXVariantGroup;
			children = (
				0029D830267AE11C004B9CD7 /* Base */,
			);
			name = LaunchScreen.storyboard;
			sourceTree = "<group>";
		};
/* End PBXVariantGroup section */

/* Begin XCBuildConfiguration section */
		0029D833267AE11C004B9CD7 /* Debug */ = {
			isa = XCBuildConfiguration;
			buildSettings = {
				ALWAYS_SEARCH_USER_PATHS = NO;
				CLANG_ANALYZER_NONNULL = YES;
				CLANG_ANALYZER_NUMBER_OBJECT_CONVERSION = YES_AGGRESSIVE;
				CLANG_CXX_LANGUAGE_STANDARD = "gnu++14";
				CLANG_CXX_LIBRARY = "libc++";
				CLANG_ENABLE_MODULES = YES;
				CLANG_ENABLE_OBJC_ARC = YES;
				CLANG_ENABLE_OBJC_WEAK = YES;
				CLANG_WARN_BLOCK_CAPTURE_AUTORELEASING = YES;
				CLANG_WARN_BOOL_CONVERSION = YES;
				CLANG_WARN_COMMA = YES;
				CLANG_WARN_CONSTANT_CONVERSION = YES;
				CLANG_WARN_DEPRECATED_OBJC_IMPLEMENTATIONS = YES;
				CLANG_WARN_DIRECT_OBJC_ISA_USAGE = YES_ERROR;
				CLANG_WARN_DOCUMENTATION_COMMENTS = YES;
				CLANG_WARN_EMPTY_BODY = YES;
				CLANG_WARN_ENUM_CONVERSION = YES;
				CLANG_WARN_INFINITE_RECURSION = YES;
				CLANG_WARN_INT_CONVERSION = YES;
				CLANG_WARN_NON_LITERAL_NULL_CONVERSION = YES;
				CLANG_WARN_OBJC_IMPLICIT_RETAIN_SELF = YES;
				CLANG_WARN_OBJC_LITERAL_CONVERSION = YES;
				CLANG_WARN_OBJC_ROOT_CLASS = YES_ERROR;
				CLANG_WARN_QUOTED_INCLUDE_IN_FRAMEWORK_HEADER = YES;
				CLANG_WARN_RANGE_LOOP_ANALYSIS = YES;
				CLANG_WARN_STRICT_PROTOTYPES = YES;
				CLANG_WARN_SUSPICIOUS_MOVE = YES;
				CLANG_WARN_UNGUARDED_AVAILABILITY = YES_AGGRESSIVE;
				CLANG_WARN_UNREACHABLE_CODE = YES;
				CLANG_WARN__DUPLICATE_METHOD_MATCH = YES;
				COPY_PHASE_STRIP = NO;
				DEBUG_INFORMATION_FORMAT = dwarf;
				ENABLE_STRICT_OBJC_MSGSEND = YES;
				ENABLE_TESTABILITY = YES;
				GCC_C_LANGUAGE_STANDARD = gnu11;
				GCC_DYNAMIC_NO_PIC = NO;
				GCC_NO_COMMON_BLOCKS = YES;
				GCC_OPTIMIZATION_LEVEL = 0;
				GCC_PREPROCESSOR_DEFINITIONS = (
					"DEBUG=1",
					"$(inherited)",
				);
				GCC_WARN_64_TO_32_BIT_CONVERSION = YES;
				GCC_WARN_ABOUT_RETURN_TYPE = YES_ERROR;
				GCC_WARN_UNDECLARED_SELECTOR = YES;
				GCC_WARN_UNINITIALIZED_AUTOS = YES_AGGRESSIVE;
				GCC_WARN_UNUSED_FUNCTION = YES;
				GCC_WARN_UNUSED_VARIABLE = YES;
				IPHONEOS_DEPLOYMENT_TARGET = 14.5;
				MTL_ENABLE_DEBUG_INFO = INCLUDE_SOURCE;
				MTL_FAST_MATH = YES;
				ONLY_ACTIVE_ARCH = YES;
				SDKROOT = iphoneos;
				SWIFT_ACTIVE_COMPILATION_CONDITIONS = DEBUG;
				SWIFT_OPTIMIZATION_LEVEL = "-Onone";
			};
			name = Debug;
		};
		0029D834267AE11C004B9CD7 /* Release */ = {
			isa = XCBuildConfiguration;
			buildSettings = {
				ALWAYS_SEARCH_USER_PATHS = NO;
				CLANG_ANALYZER_NONNULL = YES;
				CLANG_ANALYZER_NUMBER_OBJECT_CONVERSION = YES_AGGRESSIVE;
				CLANG_CXX_LANGUAGE_STANDARD = "gnu++14";
				CLANG_CXX_LIBRARY = "libc++";
				CLANG_ENABLE_MODULES = YES;
				CLANG_ENABLE_OBJC_ARC = YES;
				CLANG_ENABLE_OBJC_WEAK = YES;
				CLANG_WARN_BLOCK_CAPTURE_AUTORELEASING = YES;
				CLANG_WARN_BOOL_CONVERSION = YES;
				CLANG_WARN_COMMA = YES;
				CLANG_WARN_CONSTANT_CONVERSION = YES;
				CLANG_WARN_DEPRECATED_OBJC_IMPLEMENTATIONS = YES;
				CLANG_WARN_DIRECT_OBJC_ISA_USAGE = YES_ERROR;
				CLANG_WARN_DOCUMENTATION_COMMENTS = YES;
				CLANG_WARN_EMPTY_BODY = YES;
				CLANG_WARN_ENUM_CONVERSION = YES;
				CLANG_WARN_INFINITE_RECURSION = YES;
				CLANG_WARN_INT_CONVERSION = YES;
				CLANG_WARN_NON_LITERAL_NULL_CONVERSION = YES;
				CLANG_WARN_OBJC_IMPLICIT_RETAIN_SELF = YES;
				CLANG_WARN_OBJC_LITERAL_CONVERSION = YES;
				CLANG_WARN_OBJC_ROOT_CLASS = YES_ERROR;
				CLANG_WARN_QUOTED_INCLUDE_IN_FRAMEWORK_HEADER = YES;
				CLANG_WARN_RANGE_LOOP_ANALYSIS = YES;
				CLANG_WARN_STRICT_PROTOTYPES = YES;
				CLANG_WARN_SUSPICIOUS_MOVE = YES;
				CLANG_WARN_UNGUARDED_AVAILABILITY = YES_AGGRESSIVE;
				CLANG_WARN_UNREACHABLE_CODE = YES;
				CLANG_WARN__DUPLICATE_METHOD_MATCH = YES;
				COPY_PHASE_STRIP = NO;
				DEBUG_INFORMATION_FORMAT = "dwarf-with-dsym";
				ENABLE_NS_ASSERTIONS = NO;
				ENABLE_STRICT_OBJC_MSGSEND = YES;
				GCC_C_LANGUAGE_STANDARD = gnu11;
				GCC_NO_COMMON_BLOCKS = YES;
				GCC_WARN_64_TO_32_BIT_CONVERSION = YES;
				GCC_WARN_ABOUT_RETURN_TYPE = YES_ERROR;
				GCC_WARN_UNDECLARED_SELECTOR = YES;
				GCC_WARN_UNINITIALIZED_AUTOS = YES_AGGRESSIVE;
				GCC_WARN_UNUSED_FUNCTION = YES;
				GCC_WARN_UNUSED_VARIABLE = YES;
				IPHONEOS_DEPLOYMENT_TARGET = 14.5;
				MTL_ENABLE_DEBUG_INFO = NO;
				MTL_FAST_MATH = YES;
				SDKROOT = iphoneos;
				SWIFT_COMPILATION_MODE = wholemodule;
				SWIFT_OPTIMIZATION_LEVEL = "-O";
				VALIDATE_PRODUCT = YES;
			};
			name = Release;
		};
		0029D836267AE11C004B9CD7 /* Debug */ = {
			isa = XCBuildConfiguration;
			buildSettings = {
				ASSETCATALOG_COMPILER_APPICON_NAME = AppIcon;
				ASSETCATALOG_COMPILER_GLOBAL_ACCENT_COLOR_NAME = AccentColor;
				CODE_SIGN_STYLE = Automatic;
				DEVELOPMENT_TEAM = GJ4WQU9362;
				INFOPLIST_FILE = Cliptest/Info.plist;
				IPHONEOS_DEPLOYMENT_TARGET = 13.2;
				LD_RUNPATH_SEARCH_PATHS = (
					"$(inherited)",
					"@executable_path/Frameworks",
				);
				PRODUCT_BUNDLE_IDENTIFIER = com.xxxxfe.clip.Cliptest;
				PRODUCT_NAME = "$(TARGET_NAME)";
				SWIFT_VERSION = 5.0;
				TARGETED_DEVICE_FAMILY = "1,2";
			};
			name = Debug;
		};
		0029D837267AE11C004B9CD7 /* Release */ = {
			isa = XCBuildConfiguration;
			buildSettings = {
				ASSETCATALOG_COMPILER_APPICON_NAME = AppIcon;
				ASSETCATALOG_COMPILER_GLOBAL_ACCENT_COLOR_NAME = AccentColor;
				CODE_SIGN_STYLE = Automatic;
				DEVELOPMENT_TEAM = GJ4WQU9362;
				INFOPLIST_FILE = Cliptest/Info.plist;
				IPHONEOS_DEPLOYMENT_TARGET = 13.2;
				LD_RUNPATH_SEARCH_PATHS = (
					"$(inherited)",
					"@executable_path/Frameworks",
				);
				PRODUCT_BUNDLE_IDENTIFIER = com.xxxxfe.clip.Cliptest;
				PRODUCT_NAME = "$(TARGET_NAME)";
				SWIFT_VERSION = 5.0;
				TARGETED_DEVICE_FAMILY = "1,2";
			};
			name = Release;
		};
		35B7F2AE289D211A002942E4 /* Debug */ = {
			isa = XCBuildConfiguration;
			buildSettings = {
				CLANG_CXX_LANGUAGE_STANDARD = "gnu++17";
				CODE_SIGN_STYLE = Automatic;
				CURRENT_PROJECT_VERSION = 1;
				DEFINES_MODULE = YES;
				DEVELOPMENT_TEAM = GJ4WQU9362;
				DYLIB_COMPATIBILITY_VERSION = 1;
				DYLIB_CURRENT_VERSION = 1;
				DYLIB_INSTALL_NAME_BASE = "@rpath";
				GENERATE_INFOPLIST_FILE = YES;
				INFOPLIST_KEY_NSHumanReadableCopyright = "";
				INSTALL_PATH = "$(LOCAL_LIBRARY_DIR)/Frameworks";
				IPHONEOS_DEPLOYMENT_TARGET = 15.5;
				LD_RUNPATH_SEARCH_PATHS = (
					"$(inherited)",
					"@executable_path/Frameworks",
					"@loader_path/Frameworks",
				);
				MARKETING_VERSION = 1.0;
				PRODUCT_BUNDLE_IDENTIFIER = "-231.ZYQuadrangleClipImageView";
				PRODUCT_NAME = "$(TARGET_NAME:c99extidentifier)";
				SKIP_INSTALL = YES;
				SWIFT_EMIT_LOC_STRINGS = YES;
				SWIFT_VERSION = 5.0;
				TARGETED_DEVICE_FAMILY = "1,2";
				VERSIONING_SYSTEM = "apple-generic";
				VERSION_INFO_PREFIX = "";
			};
			name = Debug;
		};
		35B7F2AF289D211A002942E4 /* Release */ = {
			isa = XCBuildConfiguration;
			buildSettings = {
				CLANG_CXX_LANGUAGE_STANDARD = "gnu++17";
				CODE_SIGN_STYLE = Automatic;
				CURRENT_PROJECT_VERSION = 1;
				DEFINES_MODULE = YES;
				DEVELOPMENT_TEAM = GJ4WQU9362;
				DYLIB_COMPATIBILITY_VERSION = 1;
				DYLIB_CURRENT_VERSION = 1;
				DYLIB_INSTALL_NAME_BASE = "@rpath";
				GENERATE_INFOPLIST_FILE = YES;
				INFOPLIST_KEY_NSHumanReadableCopyright = "";
				INSTALL_PATH = "$(LOCAL_LIBRARY_DIR)/Frameworks";
				IPHONEOS_DEPLOYMENT_TARGET = 15.5;
				LD_RUNPATH_SEARCH_PATHS = (
					"$(inherited)",
					"@executable_path/Frameworks",
					"@loader_path/Frameworks",
				);
				MARKETING_VERSION = 1.0;
				PRODUCT_BUNDLE_IDENTIFIER = "-231.ZYQuadrangleClipImageView";
				PRODUCT_NAME = "$(TARGET_NAME:c99extidentifier)";
				SKIP_INSTALL = YES;
				SWIFT_EMIT_LOC_STRINGS = YES;
				SWIFT_VERSION = 5.0;
				TARGETED_DEVICE_FAMILY = "1,2";
				VERSIONING_SYSTEM = "apple-generic";
				VERSION_INFO_PREFIX = "";
			};
			name = Release;
		};
		35B7F2B2289D211A002942E4 /* Debug */ = {
			isa = XCBuildConfiguration;
			buildSettings = {
				ALWAYS_EMBED_SWIFT_STANDARD_LIBRARIES = YES;
				CLANG_CXX_LANGUAGE_STANDARD = "gnu++17";
				CODE_SIGN_STYLE = Automatic;
				CURRENT_PROJECT_VERSION = 1;
				DEVELOPMENT_TEAM = 68NTAFW56A;
				GENERATE_INFOPLIST_FILE = YES;
				IPHONEOS_DEPLOYMENT_TARGET = 15.5;
				MARKETING_VERSION = 1.0;
				PRODUCT_BUNDLE_IDENTIFIER = "-231.ZYQuadrangleClipImageViewTests";
				PRODUCT_NAME = "$(TARGET_NAME)";
				SWIFT_EMIT_LOC_STRINGS = NO;
				SWIFT_VERSION = 5.0;
				TARGETED_DEVICE_FAMILY = "1,2";
				TEST_HOST = "$(BUILT_PRODUCTS_DIR)/Cliptest.app/Cliptest";
			};
			name = Debug;
		};
		35B7F2B3289D211A002942E4 /* Release */ = {
			isa = XCBuildConfiguration;
			buildSettings = {
				ALWAYS_EMBED_SWIFT_STANDARD_LIBRARIES = YES;
				CLANG_CXX_LANGUAGE_STANDARD = "gnu++17";
				CODE_SIGN_STYLE = Automatic;
				CURRENT_PROJECT_VERSION = 1;
				DEVELOPMENT_TEAM = 68NTAFW56A;
				GENERATE_INFOPLIST_FILE = YES;
				IPHONEOS_DEPLOYMENT_TARGET = 15.5;
				MARKETING_VERSION = 1.0;
				PRODUCT_BUNDLE_IDENTIFIER = "-231.ZYQuadrangleClipImageViewTests";
				PRODUCT_NAME = "$(TARGET_NAME)";
				SWIFT_EMIT_LOC_STRINGS = NO;
				SWIFT_VERSION = 5.0;
				TARGETED_DEVICE_FAMILY = "1,2";
				TEST_HOST = "$(BUILT_PRODUCTS_DIR)/Cliptest.app/Cliptest";
			};
			name = Release;
		};
/* End XCBuildConfiguration section */

/* Begin XCConfigurationList section */
		0029D81C267AE11A004B9CD7 /* Build configuration list for PBXProject "Cliptest" */ = {
			isa = XCConfigurationList;
			buildConfigurations = (
				0029D833267AE11C004B9CD7 /* Debug */,
				0029D834267AE11C004B9CD7 /* Release */,
			);
			defaultConfigurationIsVisible = 0;
			defaultConfigurationName = Release;
		};
		0029D835267AE11C004B9CD7 /* Build configuration list for PBXNativeTarget "Cliptest" */ = {
			isa = XCConfigurationList;
			buildConfigurations = (
				0029D836267AE11C004B9CD7 /* Debug */,
				0029D837267AE11C004B9CD7 /* Release */,
			);
			defaultConfigurationIsVisible = 0;
			defaultConfigurationName = Release;
		};
		35B7F2AD289D211A002942E4 /* Build configuration list for PBXNativeTarget "ZYQuadrangleClipImageView" */ = {
			isa = XCConfigurationList;
			buildConfigurations = (
				35B7F2AE289D211A002942E4 /* Debug */,
				35B7F2AF289D211A002942E4 /* Release */,
			);
			defaultConfigurationIsVisible = 0;
			defaultConfigurationName = Release;
		};
		35B7F2B1289D211A002942E4 /* Build configuration list for PBXNativeTarget "ZYQuadrangleClipImageViewTests" */ = {
			isa = XCConfigurationList;
			buildConfigurations = (
				35B7F2B2289D211A002942E4 /* Debug */,
				35B7F2B3289D211A002942E4 /* Release */,
			);
			defaultConfigurationIsVisible = 0;
			defaultConfigurationName = Release;
		};
/* End XCConfigurationList section */
	};
	rootObject = 0029D819267AE11A004B9CD7 /* Project object */;
}
